hash: ba6943b6b2850fac50deb198cc98099e2a7ca7fd3449eef9683f9321aa1af24b
updated: 2017-05-25T14:01:01.065631619-05:00
imports:
- name: github.com/blang/semver
  version: 4a1e882c79dcf4ec00d2e29fac74b9c8938d5052
- name: github.com/codegangsta/cli
  version: d70f47eeca3afd795160003bc6e28b001d60c67c
- name: github.com/davecgh/go-spew
  version: 04cdfd42973bb9c8589fd6a731800cf222fde1a9
  subpackages:
  - spew
- name: github.com/go-forks/fsnotify
  version: f0c08ee9c60704c1879025f2ae0ff3e000082c13
- name: github.com/go-utils/ufs
  version: 759211ccbbfc380b7356c038dbb3667251f6b7b3
- name: github.com/Masterminds/vcs
  version: 3084677c2c188840777bff30054f2b553729d329
- name: github.com/metaleap/go-util-misc
  version: c53f803886d3a520c369beb2368914d853389f30
- name: github.com/metaleap/go-util-slice
  version: fb69df90f7992e63a8959323a08a85aaba012564
- name: github.com/metaleap/go-util-str
  version: ea3253c93490d3bbb0ad77670e2ad712e717ae1a
- name: github.com/onsi/ginkgo
  version: a1f616c97771e46da1722d3aa9dcde0a43f55682
  subpackages:
  - config
  - extensions/table
  - internal/codelocation
  - internal/containernode
  - internal/failer
  - internal/leafnodes
  - internal/remote
  - internal/spec
  - internal/spec_iterator
  - internal/specrunner
  - internal/suite
  - internal/testingtproxy
  - internal/writer
  - reporters
  - reporters/stenographer
  - reporters/stenographer/support/go-colorable
  - reporters/stenographer/support/go-isatty
  - types
- name: github.com/onsi/gomega
  version: 00acfa9d92a386415bd235ab069c52063f925998
  subpackages:
  - format
  - gbytes
  - gexec
  - internal/assertion
  - internal/asyncassertion
  - internal/oraclematcher
  - internal/testingtsupport
  - matchers
  - matchers/support/goraph/bipartitegraph
  - matchers/support/goraph/edge
  - matchers/support/goraph/node
  - matchers/support/goraph/util
  - types
- name: github.com/pmezard/go-difflib
  version: d8ed2627bdf02c080bf22230dbb337003b7aba2d
  subpackages:
  - difflib
- name: github.com/stretchr/objx
  version: cbeaeb16a013161a98496fad62933b1d21786672
- name: github.com/stretchr/testify
  version: 4d4bfba8f1d1027c4fdbe371823030df51419987
  subpackages:
  - assert
  - mock
- name: github.com/tg/gosortmap
  version: 9e9c6c22cdeb75203f2b1ee5f7eb8d5d7832e7b0
- name: github.com/vektra/errors
  version: c64d83aba85aa4392895aadeefabbd24e89f3580
- name: gopkg.in/fatih/set.v0
  version: 27c40922c40b43fe04554d8223a402af3ea333f3
- name: gopkg.in/yaml.v2
  version: cd8b52f8269e0feb286dfeef29f8fe4d5b397e0b
- name: vbom.ml/util
  version: 256737ac55c46798123f754ab7d2c784e2c71783
  subpackages:
  - sortorder
testImports:
- name: golang.org/x/net
  version: 7dcfb8076726a3fdd9353b6b8a1f1b6be6811bd6
  subpackages:
  - html
  - html/atom
  - html/charset
- name: golang.org/x/sys
  version: a55a76086885b80f79961eacb876ebd8caf3868d
  subpackages:
  - unix
- name: golang.org/x/text
  version: 19e51611da83d6be54ddafce4a4af510cb3e9ea4
  subpackages:
  - encoding
  - encoding/charmap
  - encoding/htmlindex
  - encoding/internal
  - encoding/internal/identifier
  - encoding/japanese
  - encoding/korean
  - encoding/simplifiedchinese
  - encoding/traditionalchinese
  - encoding/unicode
  - internal/tag
  - internal/utf8internal
  - language
  - runes
  - transform
